
Microsoft Visual Studio Solution File, Format Version 12.00
# Visual Studio Version 17
VisualStudioVersion = 17.3.32819.101
MinimumVisualStudioVersion = 10.0.40219.1
Project("{FAE04EC0-301F-11D3-BF4B-00C04F79EFBC}") = "TeamWangan_BackPropagation", "TeamWangan_BackPropagation\TeamWangan_BackPropagation.csproj", "{FC3B3EA0-559C-47F7-8FE4-F231C805AD60}"
EndProject
Global
	GlobalSection(SolutionConfigurationPlatforms) = preSolution
		Debug|Any CPU = Debug|Any CPU
		Release|Any CPU = Release|Any CPU
	EndGlobalSection
	GlobalSection(ProjectConfigurationPlatforms) = postSolution
		{FC3B3EA0-559C-47F7-8FE4-F231C805AD60}.Debug|Any CPU.ActiveCfg = Debug|Any CPU
		{FC3B3EA0-559C-47F7-8FE4-F231C805AD60}.Debug|Any CPU.Build.0 = Debug|Any CPU
		{FC3B3EA0-559C-47F7-8FE4-F231C805AD60}.Release|Any CPU.ActiveCfg = Release|Any CPU
		{FC3B3EA0-559C-47F7-8FE4-F231C805AD60}.Release|Any CPU.Build.0 = Release|Any CPU
	EndGlobalSection
	GlobalSection(SolutionProperties) = preSolution
		HideSolutionNode = FALSE
	EndGlobalSection
	GlobalSection(ExtensibilityGlobals) = postSolution
		SolutionGuid = {09E8A79B-7FAE-4BE3-871B-361A089049D5}
	EndGlobalSection
EndGlobal
